{
  "name": "medeo-pro-workspace-demo",
  "version": "0.1.0",
  "lockfileVersion": 3,
  "requires": true,
  "packages": {
    "": {
      "name": "medeo-pro-workspace-demo",
      "version": "0.1.0",
      "dependencies": {
        "remixicon": "^4.6.0"
      }
    },
    "node_modules/remixicon": {
      "version": "4.6.0",
      "resolved": "https://registry.npmjs.org/remixicon/-/remixicon-4.6.0.tgz",
      "integrity": "sha512-bKM5odjqE1yzVxEZGJE7F79WHhNrJFIKHXR+GG+P1IWXn8AnJZhl8SbIRDJsNAvIqx4VPkNwjuHfc42tutMDpQ==",
      "license": "Apache-2.0"
    }
  }
}
